
Microsoft Visual Studio Solution File, Format Version 12.00
Project("{FAE04EC0-301F-11D3-BF4B-00C04F79EFBC}") = "To_Do_Web_ApI", "To_Do_Web_ApI\To_Do_Web_ApI.csproj", "{A36087D3-9C35-486E-9457-FCD7801760AB}"
EndProject
Global
	GlobalSection(SolutionConfigurationPlatforms) = preSolution
		Debug|Any CPU = Debug|Any CPU
		Release|Any CPU = Release|Any CPU
	EndGlobalSection
	GlobalSection(ProjectConfigurationPlatforms) = postSolution
		{A36087D3-9C35-486E-9457-FCD7801760AB}.Debug|Any CPU.ActiveCfg = Debug|Any CPU
		{A36087D3-9C35-486E-9457-FCD7801760AB}.Debug|Any CPU.Build.0 = Debug|Any CPU
		{A36087D3-9C35-486E-9457-FCD7801760AB}.Release|Any CPU.ActiveCfg = Release|Any CPU
		{A36087D3-9C35-486E-9457-FCD7801760AB}.Release|Any CPU.Build.0 = Release|Any CPU
	EndGlobalSection
EndGlobal
